
Microsoft Visual Studio Solution File, Format Version 12.00
# Visual Studio Version 16
VisualStudioVersion = 16.0.30523.141
MinimumVisualStudioVersion = 10.0.40219.1
Project("{FAE04EC0-301F-11D3-BF4B-00C04F79EFBC}") = "EmuKeyBoard", "EmuKeyBoard\EmuKeyBoard.csproj", "{8CB974E9-E65C-44C7-B007-40344B9B848B}"
EndProject
Project("{FAE04EC0-301F-11D3-BF4B-00C04F79EFBC}") = "EmuKeyAdvance", "EmuKeyAdvance\EmuKeyAdvance.csproj", "{49E0FDBB-FF74-4564-AD0C-7CCD8D67A592}"
EndProject
Project("{FAE04EC0-301F-11D3-BF4B-00C04F79EFBC}") = "KeyPPP", "KeyPPP\KeyPPP.csproj", "{22834BC9-792F-4C40-89F2-03BA8A035C84}"
EndProject
Global
	GlobalSection(SolutionConfigurationPlatforms) = preSolution
		Debug|Any CPU = Debug|Any CPU
		Debug|x64 = Debug|x64
		Release|Any CPU = Release|Any CPU
		Release|x64 = Release|x64
	EndGlobalSection
	GlobalSection(ProjectConfigurationPlatforms) = postSolution
		{8CB974E9-E65C-44C7-B007-40344B9B848B}.Debug|Any CPU.ActiveCfg = Debug|Any CPU
		{8CB974E9-E65C-44C7-B007-40344B9B848B}.Debug|Any CPU.Build.0 = Debug|Any CPU
		{8CB974E9-E65C-44C7-B007-40344B9B848B}.Debug|x64.ActiveCfg = Debug|Any CPU
		{8CB974E9-E65C-44C7-B007-40344B9B848B}.Debug|x64.Build.0 = Debug|Any CPU
		{8CB974E9-E65C-44C7-B007-40344B9B848B}.Release|Any CPU.ActiveCfg = Release|Any CPU
		{8CB974E9-E65C-44C7-B007-40344B9B848B}.Release|Any CPU.Build.0 = Release|Any CPU
		{8CB974E9-E65C-44C7-B007-40344B9B848B}.Release|x64.ActiveCfg = Release|Any CPU
		{8CB974E9-E65C-44C7-B007-40344B9B848B}.Release|x64.Build.0 = Release|Any CPU
		{49E0FDBB-FF74-4564-AD0C-7CCD8D67A592}.Debug|Any CPU.ActiveCfg = Debug|Any CPU
		{49E0FDBB-FF74-4564-AD0C-7CCD8D67A592}.Debug|Any CPU.Build.0 = Debug|Any CPU
		{49E0FDBB-FF74-4564-AD0C-7CCD8D67A592}.Debug|x64.ActiveCfg = Debug|x64
		{49E0FDBB-FF74-4564-AD0C-7CCD8D67A592}.Debug|x64.Build.0 = Debug|x64
		{49E0FDBB-FF74-4564-AD0C-7CCD8D67A592}.Release|Any CPU.ActiveCfg = Release|Any CPU
		{49E0FDBB-FF74-4564-AD0C-7CCD8D67A592}.Release|Any CPU.Build.0 = Release|Any CPU
		{49E0FDBB-FF74-4564-AD0C-7CCD8D67A592}.Release|x64.ActiveCfg = Release|x64
		{49E0FDBB-FF74-4564-AD0C-7CCD8D67A592}.Release|x64.Build.0 = Release|x64
		{22834BC9-792F-4C40-89F2-03BA8A035C84}.Debug|Any CPU.ActiveCfg = Debug|Any CPU
		{22834BC9-792F-4C40-89F2-03BA8A035C84}.Debug|Any CPU.Build.0 = Debug|Any CPU
		{22834BC9-792F-4C40-89F2-03BA8A035C84}.Debug|x64.ActiveCfg = Debug|Any CPU
		{22834BC9-792F-4C40-89F2-03BA8A035C84}.Debug|x64.Build.0 = Debug|Any CPU
		{22834BC9-792F-4C40-89F2-03BA8A035C84}.Release|Any CPU.ActiveCfg = Release|Any CPU
		{22834BC9-792F-4C40-89F2-03BA8A035C84}.Release|Any CPU.Build.0 = Release|Any CPU
		{22834BC9-792F-4C40-89F2-03BA8A035C84}.Release|x64.ActiveCfg = Release|Any CPU
		{22834BC9-792F-4C40-89F2-03BA8A035C84}.Release|x64.Build.0 = Release|Any CPU
	EndGlobalSection
	GlobalSection(SolutionProperties) = preSolution
		HideSolutionNode = FALSE
	EndGlobalSection
	GlobalSection(ExtensibilityGlobals) = postSolution
		SolutionGuid = {75BAEAC8-ABCC-45A0-8F3B-6803828EE639}
	EndGlobalSection
EndGlobal
